// !$*UTF8*$!
{
	archiveVersion = 1;
	classes = {
	};
	objectVersion = 77;
	objects = {

/* Begin PBXContainerItemProxy section */
		EADD93142E37B80F00BC9657 /* PBXContainerItemProxy */ = {
			isa = PBXContainerItemProxy;
			containerPortal = EADD92FA2E37B80D00BC9657 /* Project object */;
			proxyType = 1;
			remoteGlobalIDString = EADD93012E37B80D00BC9657;
			remoteInfo = RadioStreamingApp;
		};
		EADD931E2E37B80F00BC9657 /* PBXContainerItemProxy */ = {
			isa = PBXContainerItemProxy;
			containerPortal = EADD92FA2E37B80D00BC9657 /* Project object */;
			proxyType = 1;
			remoteGlobalIDString = EADD93012E37B80D00BC9657;
			remoteInfo = RadioStreamingApp;
		};
/* End PBXContainerItemProxy section */

/* Begin PBXFileReference section */
		EADD93022E37B80D00BC9657 /* RadioStreamingApp.app */ = {isa = PBXFileReference; explicitFileType = wrapper.application; includeInIndex = 0; path = RadioStreamingApp.app; sourceTree = BUILT_PRODUCTS_DIR; };
		EADD93132E37B80F00BC9657 /* RadioStreamingAppTests.xctest */ = {isa = PBXFileReference; explicitFileType = wrapper.cfbundle; includeInIndex = 0; path = RadioStreamingAppTests.xctest; sourceTree = BUILT_PRODUCTS_DIR; };
		EADD931D2E37B80F00BC9657 /* RadioStreamingAppUITests.xctest */ = {isa = PBXFileReference; explicitFileType = wrapper.cfbundle; includeInIndex = 0; path = RadioStreamingAppUITests.xctest; sourceTree = BUILT_PRODUCTS_DIR; };
/* End PBXFileReference section */

/* Begin PBXFileSystemSynchronizedBuildFileExceptionSet section */
		EADD93252E37B80F00BC9657 /* Exceptions for "RadioStreamingApp" folder in "RadioStreamingApp" target */ = {
			isa = PBXFileSystemSynchronizedBuildFileExceptionSet;
			membershipExceptions = (
				Info.plist,
			);
			target = EADD93012E37B80D00BC9657 /* RadioStreamingApp */;
		};
/* End PBXFileSystemSynchronizedBuildFileExceptionSet section */

/* Begin PBXFileSystemSynchronizedRootGroup section */
		EADD93042E37B80D00BC9657 /* RadioStreamingApp */ = {
			isa = PBXFileSystemSynchronizedRootGroup;
			exceptions = (
				EADD93252E37B80F00BC9657 /* Exceptions for "RadioStreamingApp" folder in "RadioStreamingApp" target */,
			);
			path = RadioStreamingApp;
			sourceTree = "<group>";
		};
		EADD93162E37B80F00BC9657 /* RadioStreamingAppTests */ = {
			isa = PBXFileSystemSynchronizedRootGroup;
			path = RadioStreamingAppTests;
			sourceTree = "<group>";
		};
		EADD93202E37B80F00BC9657 /* RadioStreamingAppUITests */ = {
			isa = PBXFileSystemSynchronizedRootGroup;
			path = RadioStreamingAppUITests;
			sourceTree = "<group>";
		};
/* End PBXFileSystemSynchronizedRootGroup section */

/* Begin PBXFrameworksBuildPhase section */
		EADD92FF2E37B80D00BC9657 /* Frameworks */ = {
			isa = PBXFrameworksBuildPhase;
			buildActionMask = 2147483647;
			files = (
			);
			runOnlyForDeploymentPostprocessing = 0;
		};
		EADD93102E37B80F00BC9657 /* Frameworks */ = {
			isa = PBXFrameworksBuildPhase;
			buildActionMask = 2147483647;
			files = (
			);
			runOnlyForDeploymentPostprocessing = 0;
		};
		EADD931A2E37B80F00BC9657 /* Frameworks */ = {
			isa = PBXFrameworksBuildPhase;
			buildActionMask = 2147483647;
			files = (
			);
			runOnlyForDeploymentPostprocessing = 0;
		};
/* End PBXFrameworksBuildPhase section */

/* Begin PBXGroup section */
		EADD92F92E37B80D00BC9657 = {
			isa = PBXGroup;
			children = (
				EADD93042E37B80D00BC9657 /* RadioStreamingApp */,
				EADD93162E37B80F00BC9657 /* RadioStreamingAppTests */,
				EADD93202E37B80F00BC9657 /* RadioStreamingAppUITests */,
				EADD93032E37B80D00BC9657 /* Products */,
			);
			sourceTree = "<group>";
		};
		EADD93032E37B80D00BC9657 /* Products */ = {
			isa = PBXGroup;
			children = (
				EADD93022E37B80D00BC9657 /* RadioStreamingApp.app */,
				EADD93132E37B80F00BC9657 /* RadioStreamingAppTests.xctest */,
				EADD931D2E37B80F00BC9657 /* RadioStreamingAppUITests.xctest */,
			);
			name = Products;
			sourceTree = "<group>";
		};
/* End PBXGroup section */

/* Begin PBXNativeTarget section */
		EADD93012E37B80D00BC9657 /* RadioStreamingApp */ = {
			isa = PBXNativeTarget;
			buildConfigurationList = EADD93262E37B80F00BC9657 /* Build configuration list for PBXNativeTarget "RadioStreamingApp" */;
			buildPhases = (
				EADD92FE2E37B80D00BC9657 /* Sources */,
				EAD57E1B2E42543F003B6600 /* ShellScript */,
				EADD92FF2E37B80D00BC9657 /* Frameworks */,
				EADD93002E37B80D00BC9657 /* Resources */,
			);
			buildRules = (
			);
			dependencies = (
			);
			fileSystemSynchronizedGroups = (
				EADD93042E37B80D00BC9657 /* RadioStreamingApp */,
			);
			name = RadioStreamingApp;
			packageProductDependencies = (
			);
			productName = RadioStreamingApp;
			productReference = EADD93022E37B80D00BC9657 /* RadioStreamingApp.app */;
			productType = "com.apple.product-type.application";
		};
		EADD93122E37B80F00BC9657 /* RadioStreamingAppTests */ = {
			isa = PBXNativeTarget;
			buildConfigurationList = EADD932B2E37B80F00BC9657 /* Build configuration list for PBXNativeTarget "RadioStreamingAppTests" */;
			buildPhases = (
				EADD930F2E37B80F00BC9657 /* Sources */,
				EADD93102E37B80F00BC9657 /* Frameworks */,
				EADD93112E37B80F00BC9657 /* Resources */,
			);
			buildRules = (
			);
			dependencies = (
				EADD93152E37B80F00BC9657 /* PBXTargetDependency */,
			);
			fileSystemSynchronizedGroups = (
				EADD93162E37B80F00BC9657 /* RadioStreamingAppTests */,
			);
			name = RadioStreamingAppTests;
			packageProductDependencies = (
			);
			productName = RadioStreamingAppTests;
			productReference = EADD93132E37B80F00BC9657 /* RadioStreamingAppTests.xctest */;
			productType = "com.apple.product-type.bundle.unit-test";
		};
		EADD931C2E37B80F00BC9657 /* RadioStreamingAppUITests */ = {
			isa = PBXNativeTarget;
			buildConfigurationList = EADD932E2E37B80F00BC9657 /* Build configuration list for PBXNativeTarget "RadioStreamingAppUITests" */;
			buildPhases = (
				EADD93192E37B80F00BC9657 /* Sources */,
				EADD931A2E37B80F00BC9657 /* Frameworks */,
				EADD931B2E37B80F00BC9657 /* Resources */,
			);
			buildRules = (
			);
			dependencies = (
				EADD931F2E37B80F00BC9657 /* PBXTargetDependency */,
			);
			fileSystemSynchronizedGroups = (
				EADD93202E37B80F00BC9657 /* RadioStreamingAppUITests */,
			);
			name = RadioStreamingAppUITests;
			packageProductDependencies = (
			);
			productName = RadioStreamingAppUITests;
			productReference = EADD931D2E37B80F00BC9657 /* RadioStreamingAppUITests.xctest */;
			productType = "com.apple.product-type.bundle.ui-testing";
		};
/* End PBXNativeTarget section */

/* Begin PBXProject section */
		EADD92FA2E37B80D00BC9657 /* Project object */ = {
			isa = PBXProject;
			attributes = {
				BuildIndependentTargetsInParallel = 1;
				LastSwiftUpdateCheck = 1640;
				LastUpgradeCheck = 1640;
				TargetAttributes = {
					EADD93012E37B80D00BC9657 = {
						CreatedOnToolsVersion = 16.4;
					};
					EADD93122E37B80F00BC9657 = {
						CreatedOnToolsVersion = 16.4;
						TestTargetID = EADD93012E37B80D00BC9657;
					};
					EADD931C2E37B80F00BC9657 = {
						CreatedOnToolsVersion = 16.4;
						TestTargetID = EADD93012E37B80D00BC9657;
					};
				};
			};
			buildConfigurationList = EADD92FD2E37B80D00BC9657 /* Build configuration list for PBXProject "RadioStreamingApp" */;
			developmentRegion = en;
			hasScannedForEncodings = 0;
			knownRegions = (
				en,
				Base,
			);
			mainGroup = EADD92F92E37B80D00BC9657;
			minimizedProjectReferenceProxies = 1;
			preferredProjectObjectVersion = 77;
			productRefGroup = EADD93032E37B80D00BC9657 /* Products */;
			projectDirPath = "";
			projectRoot = "";
			targets = (
				EADD93012E37B80D00BC9657 /* RadioStreamingApp */,
				EADD93122E37B80F00BC9657 /* RadioStreamingAppTests */,
				EADD931C2E37B80F00BC9657 /* RadioStreamingAppUITests */,
			);
		};
/* End PBXProject section */

/* Begin PBXResourcesBuildPhase section */
		EADD93002E37B80D00BC9657 /* Resources */ = {
			isa = PBXResourcesBuildPhase;
			buildActionMask = 2147483647;
			files = (
			);
			runOnlyForDeploymentPostprocessing = 0;
		};
		EADD93112E37B80F00BC9657 /* Resources */ = {
			isa = PBXResourcesBuildPhase;
			buildActionMask = 2147483647;
			files = (
			);
			runOnlyForDeploymentPostprocessing = 0;
		};
		EADD931B2E37B80F00BC9657 /* Resources */ = {
			isa = PBXResourcesBuildPhase;
			buildActionMask = 2147483647;
			files = (
			);
			runOnlyForDeploymentPostprocessing = 0;
		};
/* End PBXResourcesBuildPhase section */

/* Begin PBXShellScriptBuildPhase section */
		EAD57E1B2E42543F003B6600 /* ShellScript */ = {
			isa = PBXShellScriptBuildPhase;
			buildActionMask = 2147483647;
			files = (
			);
			inputFileListPaths = (
			);
			inputPaths = (
			);
			outputFileListPaths = (
			);
			outputPaths = (
			);
			runOnlyForDeploymentPostprocessing = 0;
			shellPath = /bin/sh;
			shellScript = "if which swiftlint >/dev/null; then\n  swiftlint\nelse\n  echo \"warning: SwiftLint not installed, download from https://github.com/realm/SwiftLint\"\nfi\n\n";
		};
/* End PBXShellScriptBuildPhase section */

/* Begin PBXSourcesBuildPhase section */
		EADD92FE2E37B80D00BC9657 /* Sources */ = {
			isa = PBXSourcesBuildPhase;
			buildActionMask = 2147483647;
			files = (
			);
			runOnlyForDeploymentPostprocessing = 0;
		};
		EADD930F2E37B80F00BC9657 /* Sources */ = {
			isa = PBXSourcesBuildPhase;
			buildActionMask = 2147483647;
			files = (
			);
			runOnlyForDeploymentPostprocessing = 0;
		};
		EADD93192E37B80F00BC9657 /* Sources */ = {
			isa = PBXSourcesBuildPhase;
			buildActionMask = 2147483647;
			files = (
			);
			runOnlyForDeploymentPostprocessing = 0;
		};
/* End PBXSourcesBuildPhase section */

/* Begin PBXTargetDependency section */
		EADD93152E37B80F00BC9657 /* PBXTargetDependency */ = {
			isa = PBXTargetDependency;
			target = EADD93012E37B80D00BC9657 /* RadioStreamingApp */;
			targetProxy = EADD93142E37B80F00BC9657 /* PBXContainerItemProxy */;
		};
		EADD931F2E37B80F00BC9657 /* PBXTargetDependency */ = {
			isa = PBXTargetDependency;
			target = EADD93012E37B80D00BC9657 /* RadioStreamingApp */;
			targetProxy = EADD931E2E37B80F00BC9657 /* PBXContainerItemProxy */;
		};
/* End PBXTargetDependency section */

/* Begin XCBuildConfiguration section */
		EADD93272E37B80F00BC9657 /* Debug */ = {
			isa = XCBuildConfiguration;
			buildSettings = {
				ASSETCATALOG_COMPILER_APPICON_NAME = AppIcon;
				ASSETCATALOG_COMPILER_GLOBAL_ACCENT_COLOR_NAME = AccentColor;
				CODE_SIGN_ENTITLEMENTS = RadioStreamingApp/RadioStreamingApp.entitlements;
				CODE_SIGN_STYLE = Automatic;
				CURRENT_PROJECT_VERSION = 1;
				DEVELOPMENT_TEAM = 6278YP39Z3;
				ENABLE_PREVIEWS = YES;
				GENERATE_INFOPLIST_FILE = YES;
				INFOPLIST_FILE = RadioStreamingApp/Info.plist;
				INFOPLIST_KEY_UIApplicationSceneManifest_Generation = YES;
				INFOPLIST_KEY_UIApplicationSupportsIndirectInputEvents = YES;
				INFOPLIST_KEY_UILaunchScreen_Generation = YES;
				INFOPLIST_KEY_UISupportedInterfaceOrientations_iPad = "UIInterfaceOrientationPortrait UIInterfaceOrientationPortraitUpsideDown UIInterfaceOrientationLandscapeLeft UIInterfaceOrientationLandscapeRight";
				INFOPLIST_KEY_UISupportedInterfaceOrientations_iPhone = "UIInterfaceOrientationPortrait UIInterfaceOrientationLandscapeLeft UIInterfaceOrientationLandscapeRight";
				LD_RUNPATH_SEARCH_PATHS = (
					"$(inherited)",
					"@executable_path/Frameworks",
				);
				MARKETING_VERSION = 1.0;
				PRODUCT_BUNDLE_IDENTIFIER = com.magdalenap.RadioStreamingApp;
				PRODUCT_NAME = "$(TARGET_NAME)";
				SWIFT_EMIT_LOC_STRINGS = YES;
				SWIFT_VERSION = 5.0;
				TARGETED_DEVICE_FAMILY = "1,2";
			};
			name = Debug;
		};
		EADD93282E37B80F00BC9657 /* Release */ = {
			isa = XCBuildConfiguration;
			buildSettings = {
				ASSETCATALOG_COMPILER_APPICON_NAME = AppIcon;
				ASSETCATALOG_COMPILER_GLOBAL_ACCENT_COLOR_NAME = AccentColor;
				CODE_SIGN_ENTITLEMENTS = RadioStreamingApp/RadioStreamingApp.entitlements;
				CODE_SIGN_STYLE = Automatic;
				CURRENT_PROJECT_VERSION = 1;
				DEVELOPMENT_TEAM = 6278YP39Z3;
				ENABLE_PREVIEWS = YES;
				GENERATE_INFOPLIST_FILE = YES;
				INFOPLIST_FILE = RadioStreamingApp/Info.plist;
				INFOPLIST_KEY_UIApplicationSceneManifest_Generation = YES;
				INFOPLIST_KEY_UIApplicationSupportsIndirectInputEvents = YES;
				INFOPLIST_KEY_UILaunchScreen_Generation = YES;
				INFOPLIST_KEY_UISupportedInterfaceOrientations_iPad = "UIInterfaceOrientationPortrait UIInterfaceOrientationPortraitUpsideDown UIInterfaceOrientationLandscapeLeft UIInterfaceOrientationLandscapeRight";
				INFOPLIST_KEY_UISupportedInterfaceOrientations_iPhone = "UIInterfaceOrientationPortrait UIInterfaceOrientationLandscapeLeft UIInterfaceOrientationLandscapeRight";
				LD_RUNPATH_SEARCH_PATHS = (
					"$(inherited)",
					"@executable_path/Frameworks",
				);
				MARKETING_VERSION = 1.0;
				PRODUCT_BUNDLE_IDENTIFIER = com.magdalenap.RadioStreamingApp;
				PRODUCT_NAME = "$(TARGET_NAME)";
				SWIFT_EMIT_LOC_STRINGS = YES;
				SWIFT_VERSION = 5.0;
				TARGETED_DEVICE_FAMILY = "1,2";
			};
			name = Release;
		};
		EADD93292E37B80F00BC9657 /* Debug */ = {
			isa = XCBuildConfiguration;
			buildSettings = {
				ALWAYS_SEARCH_USER_PATHS = NO;
				ASSETCATALOG_COMPILER_GENERATE_SWIFT_ASSET_SYMBOL_EXTENSIONS = YES;
				CLANG_ANALYZER_NONNULL = YES;
				CLANG_ANALYZER_NUMBER_OBJECT_CONVERSION = YES_AGGRESSIVE;
				CLANG_CXX_LANGUAGE_STANDARD = "gnu++20";
				CLANG_ENABLE_MODULES = YES;
				CLANG_ENABLE_OBJC_ARC = YES;
				CLANG_ENABLE_OBJC_WEAK = YES;
				CLANG_WARN_BLOCK_CAPTURE_AUTORELEASING = YES;
				CLANG_WARN_BOOL_CONVERSION = YES;
				CLANG_WARN_COMMA = YES;
				CLANG_WARN_CONSTANT_CONVERSION = YES;
				CLANG_WARN_DEPRECATED_OBJC_IMPLEMENTATIONS = YES;
				CLANG_WARN_DIRECT_OBJC_ISA_USAGE = YES_ERROR;
				CLANG_WARN_DOCUMENTATION_COMMENTS = YES;
				CLANG_WARN_EMPTY_BODY = YES;
				CLANG_WARN_ENUM_CONVERSION = YES;
				CLANG_WARN_INFINITE_RECURSION = YES;
				CLANG_WARN_INT_CONVERSION = YES;
				CLANG_WARN_NON_LITERAL_NULL_CONVERSION = YES;
				CLANG_WARN_OBJC_IMPLICIT_RETAIN_SELF = YES;
				CLANG_WARN_OBJC_LITERAL_CONVERSION = YES;
				CLANG_WARN_OBJC_ROOT_CLASS = YES_ERROR;
				CLANG_WARN_QUOTED_INCLUDE_IN_FRAMEWORK_HEADER = YES;
				CLANG_WARN_RANGE_LOOP_ANALYSIS = YES;
				CLANG_WARN_STRICT_PROTOTYPES = YES;
				CLANG_WARN_SUSPICIOUS_MOVE = YES;
				CLANG_WARN_UNGUARDED_AVAILABILITY = YES_AGGRESSIVE;
				CLANG_WARN_UNREACHABLE_CODE = YES;
				CLANG_WARN__DUPLICATE_METHOD_MATCH = YES;
				COPY_PHASE_STRIP = NO;
				DEBUG_INFORMATION_FORMAT = dwarf;
				DEVELOPMENT_TEAM = 6278YP39Z3;
				ENABLE_STRICT_OBJC_MSGSEND = YES;
				ENABLE_TESTABILITY = YES;
				ENABLE_USER_SCRIPT_SANDBOXING = YES;
				GCC_C_LANGUAGE_STANDARD = gnu17;
				GCC_DYNAMIC_NO_PIC = NO;
				GCC_NO_COMMON_BLOCKS = YES;
				GCC_OPTIMIZATION_LEVEL = 0;
				GCC_PREPROCESSOR_DEFINITIONS = (
					"DEBUG=1",
					"$(inherited)",
				);
				GCC_WARN_64_TO_32_BIT_CONVERSION = YES;
				GCC_WARN_ABOUT_RETURN_TYPE = YES_ERROR;
				GCC_WARN_UNDECLARED_SELECTOR = YES;
				GCC_WARN_UNINITIALIZED_AUTOS = YES_AGGRESSIVE;
				GCC_WARN_UNUSED_FUNCTION = YES;
				GCC_WARN_UNUSED_VARIABLE = YES;
				IPHONEOS_DEPLOYMENT_TARGET = 18.5;
				LOCALIZATION_PREFERS_STRING_CATALOGS = YES;
				MTL_ENABLE_DEBUG_INFO = INCLUDE_SOURCE;
				MTL_FAST_MATH = YES;
				ONLY_ACTIVE_ARCH = YES;
				SDKROOT = iphoneos;
				SWIFT_ACTIVE_COMPILATION_CONDITIONS = "DEBUG $(inherited)";
				SWIFT_OPTIMIZATION_LEVEL = "-Onone";
			};
			name = Debug;
		};
		EADD932A2E37B80F00BC9657 /* Release */ = {
			isa = XCBuildConfiguration;
			buildSettings = {
				ALWAYS_SEARCH_USER_PATHS = NO;
				ASSETCATALOG_COMPILER_GENERATE_SWIFT_ASSET_SYMBOL_EXTENSIONS = YES;
				CLANG_ANALYZER_NONNULL = YES;
				CLANG_ANALYZER_NUMBER_OBJECT_CONVERSION = YES_AGGRESSIVE;
				CLANG_CXX_LANGUAGE_STANDARD = "gnu++20";
				CLANG_ENABLE_MODULES = YES;
				CLANG_ENABLE_OBJC_ARC = YES;
				CLANG_ENABLE_OBJC_WEAK = YES;
				CLANG_WARN_BLOCK_CAPTURE_AUTORELEASING = YES;
				CLANG_WARN_BOOL_CONVERSION = YES;
				CLANG_WARN_COMMA = YES;
				CLANG_WARN_CONSTANT_CONVERSION = YES;
				CLANG_WARN_DEPRECATED_OBJC_IMPLEMENTATIONS = YES;
				CLANG_WARN_DIRECT_OBJC_ISA_USAGE = YES_ERROR;
				CLANG_WARN_DOCUMENTATION_COMMENTS = YES;
				CLANG_WARN_EMPTY_BODY = YES;
				CLANG_WARN_ENUM_CONVERSION = YES;
				CLANG_WARN_INFINITE_RECURSION = YES;
				CLANG_WARN_INT_CONVERSION = YES;
				CLANG_WARN_NON_LITERAL_NULL_CONVERSION = YES;
				CLANG_WARN_OBJC_IMPLICIT_RETAIN_SELF = YES;
				CLANG_WARN_OBJC_LITERAL_CONVERSION = YES;
				CLANG_WARN_OBJC_ROOT_CLASS = YES_ERROR;
				CLANG_WARN_QUOTED_INCLUDE_IN_FRAMEWORK_HEADER = YES;
				CLANG_WARN_RANGE_LOOP_ANALYSIS = YES;
				CLANG_WARN_STRICT_PROTOTYPES = YES;
				CLANG_WARN_SUSPICIOUS_MOVE = YES;
				CLANG_WARN_UNGUARDED_AVAILABILITY = YES_AGGRESSIVE;
				CLANG_WARN_UNREACHABLE_CODE = YES;
				CLANG_WARN__DUPLICATE_METHOD_MATCH = YES;
				COPY_PHASE_STRIP = NO;
				DEBUG_INFORMATION_FORMAT = "dwarf-with-dsym";
				DEVELOPMENT_TEAM = 6278YP39Z3;
				ENABLE_NS_ASSERTIONS = NO;
				ENABLE_STRICT_OBJC_MSGSEND = YES;
				ENABLE_USER_SCRIPT_SANDBOXING = YES;
				GCC_C_LANGUAGE_STANDARD = gnu17;
				GCC_NO_COMMON_BLOCKS = YES;
				GCC_WARN_64_TO_32_BIT_CONVERSION = YES;
				GCC_WARN_ABOUT_RETURN_TYPE = YES_ERROR;
				GCC_WARN_UNDECLARED_SELECTOR = YES;
				GCC_WARN_UNINITIALIZED_AUTOS = YES_AGGRESSIVE;
				GCC_WARN_UNUSED_FUNCTION = YES;
				GCC_WARN_UNUSED_VARIABLE = YES;
				IPHONEOS_DEPLOYMENT_TARGET = 18.5;
				LOCALIZATION_PREFERS_STRING_CATALOGS = YES;
				MTL_ENABLE_DEBUG_INFO = NO;
				MTL_FAST_MATH = YES;
				SDKROOT = iphoneos;
				SWIFT_COMPILATION_MODE = wholemodule;
				VALIDATE_PRODUCT = YES;
			};
			name = Release;
		};
		EADD932C2E37B80F00BC9657 /* Debug */ = {
			isa = XCBuildConfiguration;
			buildSettings = {
				BUNDLE_LOADER = "$(TEST_HOST)";
				CODE_SIGN_STYLE = Automatic;
				CURRENT_PROJECT_VERSION = 1;
				DEVELOPMENT_TEAM = 6278YP39Z3;
				GENERATE_INFOPLIST_FILE = YES;
				IPHONEOS_DEPLOYMENT_TARGET = 18.5;
				MARKETING_VERSION = 1.0;
				PRODUCT_BUNDLE_IDENTIFIER = com.magdalenap.RadioStreamingAppTests;
				PRODUCT_NAME = "$(TARGET_NAME)";
				SWIFT_EMIT_LOC_STRINGS = NO;
				SWIFT_VERSION = 5.0;
				TARGETED_DEVICE_FAMILY = "1,2";
				TEST_HOST = "$(BUILT_PRODUCTS_DIR)/RadioStreamingApp.app/$(BUNDLE_EXECUTABLE_FOLDER_PATH)/RadioStreamingApp";
			};
			name = Debug;
		};
		EADD932D2E37B80F00BC9657 /* Release */ = {
			isa = XCBuildConfiguration;
			buildSettings = {
				BUNDLE_LOADER = "$(TEST_HOST)";
				CODE_SIGN_STYLE = Automatic;
				CURRENT_PROJECT_VERSION = 1;
				DEVELOPMENT_TEAM = 6278YP39Z3;
				GENERATE_INFOPLIST_FILE = YES;
				IPHONEOS_DEPLOYMENT_TARGET = 18.5;
				MARKETING_VERSION = 1.0;
				PRODUCT_BUNDLE_IDENTIFIER = com.magdalenap.RadioStreamingAppTests;
				PRODUCT_NAME = "$(TARGET_NAME)";
				SWIFT_EMIT_LOC_STRINGS = NO;
				SWIFT_VERSION = 5.0;
				TARGETED_DEVICE_FAMILY = "1,2";
				TEST_HOST = "$(BUILT_PRODUCTS_DIR)/RadioStreamingApp.app/$(BUNDLE_EXECUTABLE_FOLDER_PATH)/RadioStreamingApp";
			};
			name = Release;
		};
		EADD932F2E37B80F00BC9657 /* Debug */ = {
			isa = XCBuildConfiguration;
			buildSettings = {
				CODE_SIGN_STYLE = Automatic;
				CURRENT_PROJECT_VERSION = 1;
				DEVELOPMENT_TEAM = 6278YP39Z3;
				GENERATE_INFOPLIST_FILE = YES;
				MARKETING_VERSION = 1.0;
				PRODUCT_BUNDLE_IDENTIFIER = com.magdalenap.RadioStreamingAppUITests;
				PRODUCT_NAME = "$(TARGET_NAME)";
				SWIFT_EMIT_LOC_STRINGS = NO;
				SWIFT_VERSION = 5.0;
				TARGETED_DEVICE_FAMILY = "1,2";
				TEST_TARGET_NAME = RadioStreamingApp;
			};
			name = Debug;
		};
		EADD93302E37B80F00BC9657 /* Release */ = {
			isa = XCBuildConfiguration;
			buildSettings = {
				CODE_SIGN_STYLE = Automatic;
				CURRENT_PROJECT_VERSION = 1;
				DEVELOPMENT_TEAM = 6278YP39Z3;
				GENERATE_INFOPLIST_FILE = YES;
				MARKETING_VERSION = 1.0;
				PRODUCT_BUNDLE_IDENTIFIER = com.magdalenap.RadioStreamingAppUITests;
				PRODUCT_NAME = "$(TARGET_NAME)";
				SWIFT_EMIT_LOC_STRINGS = NO;
				SWIFT_VERSION = 5.0;
				TARGETED_DEVICE_FAMILY = "1,2";
				TEST_TARGET_NAME = RadioStreamingApp;
			};
			name = Release;
		};
/* End XCBuildConfiguration section */

/* Begin XCConfigurationList section */
		EADD92FD2E37B80D00BC9657 /* Build configuration list for PBXProject "RadioStreamingApp" */ = {
			isa = XCConfigurationList;
			buildConfigurations = (
				EADD93292E37B80F00BC9657 /* Debug */,
				EADD932A2E37B80F00BC9657 /* Release */,
			);
			defaultConfigurationIsVisible = 0;
			defaultConfigurationName = Release;
		};
		EADD93262E37B80F00BC9657 /* Build configuration list for PBXNativeTarget "RadioStreamingApp" */ = {
			isa = XCConfigurationList;
			buildConfigurations = (
				EADD93272E37B80F00BC9657 /* Debug */,
				EADD93282E37B80F00BC9657 /* Release */,
			);
			defaultConfigurationIsVisible = 0;
			defaultConfigurationName = Release;
		};
		EADD932B2E37B80F00BC9657 /* Build configuration list for PBXNativeTarget "RadioStreamingAppTests" */ = {
			isa = XCConfigurationList;
			buildConfigurations = (
				EADD932C2E37B80F00BC9657 /* Debug */,
				EADD932D2E37B80F00BC9657 /* Release */,
			);
			defaultConfigurationIsVisible = 0;
			defaultConfigurationName = Release;
		};
		EADD932E2E37B80F00BC9657 /* Build configuration list for PBXNativeTarget "RadioStreamingAppUITests" */ = {
			isa = XCConfigurationList;
			buildConfigurations = (
				EADD932F2E37B80F00BC9657 /* Debug */,
				EADD93302E37B80F00BC9657 /* Release */,
			);
			defaultConfigurationIsVisible = 0;
			defaultConfigurationName = Release;
		};
/* End XCConfigurationList section */
	};
	rootObject = EADD92FA2E37B80D00BC9657 /* Project object */;
}
